
Microsoft Visual Studio Solution File, Format Version 12.00
# Visual Studio Version 16
VisualStudioVersion = 16.0.30804.86
MinimumVisualStudioVersion = 10.0.40219.1
Project("{FAE04EC0-301F-11D3-BF4B-00C04F79EFBC}") = "COBWifiApiTest", "COBWifiApiTest.csproj", "{E91F0C1D-4D77-4770-8507-D5C53CE3B49F}"
EndProject
Global
	GlobalSection(SolutionConfigurationPlatforms) = preSolution
		Debug|Any CPU = Debug|Any CPU
		Release|Any CPU = Release|Any CPU
	EndGlobalSection
	GlobalSection(ProjectConfigurationPlatforms) = postSolution
		{E91F0C1D-4D77-4770-8507-D5C53CE3B49F}.Debug|Any CPU.ActiveCfg = Debug|Any CPU
		{E91F0C1D-4D77-4770-8507-D5C53CE3B49F}.Debug|Any CPU.Build.0 = Debug|Any CPU
		{E91F0C1D-4D77-4770-8507-D5C53CE3B49F}.Release|Any CPU.ActiveCfg = Release|Any CPU
		{E91F0C1D-4D77-4770-8507-D5C53CE3B49F}.Release|Any CPU.Build.0 = Release|Any CPU
	EndGlobalSection
	GlobalSection(SolutionProperties) = preSolution
		HideSolutionNode = FALSE
	EndGlobalSection
	GlobalSection(ExtensibilityGlobals) = postSolution
		SolutionGuid = {9368C3CB-B8CB-48A0-B430-48FE2BE37456}
	EndGlobalSection
EndGlobal
